dependencies:
- name: steadybit-extension-appdynamics
  repository: https://steadybit.github.io/extension-appdynamics
  version: 1.2.7
- name: steadybit-extension-aws
  repository: https://steadybit.github.io/extension-aws
  version: 2.2.8
- name: steadybit-extension-azure
  repository: https://steadybit.github.io/extension-azure
  version: 1.1.22
- name: steadybit-extension-container
  repository: https://steadybit.github.io/extension-container
  version: 1.4.10
- name: steadybit-extension-datadog
  repository: https://steadybit.github.io/extension-datadog
  version: 1.5.13
- name: steadybit-extension-debug
  repository: https://steadybit.github.io/extension-debug
  version: 1.0.18
- name: steadybit-extension-dynatrace
  repository: https://steadybit.github.io/extension-dynatrace
  version: 1.1.17
- name: steadybit-extension-gatling
  repository: https://steadybit.github.io/extension-gatling
  version: 1.1.37
- name: steadybit-extension-gcp
  repository: https://steadybit.github.io/extension-gcp
  version: 1.1.22
- name: steadybit-extension-grafana
  repository: https://steadybit.github.io/extension-grafana
  version: 1.2.9
- name: steadybit-extension-host
  repository: https://steadybit.github.io/extension-host
  version: 1.2.10
- name: steadybit-extension-http
  repository: https://steadybit.github.io/extension-http
  version: 1.1.30
- name: steadybit-extension-instana
  repository: https://steadybit.github.io/extension-instana
  version: 1.1.12
- name: steadybit-extension-istio
  repository: https://steadybit.github.io/extension-istio
  version: 1.1.12
- name: steadybit-extension-jenkins
  repository: https://steadybit.github.io/extension-jenkins
  version: 1.0.5
- name: steadybit-extension-jmeter
  repository: https://steadybit.github.io/extension-jmeter
  version: 1.1.20
- name: steadybit-extension-jvm
  repository: https://steadybit.github.io/extension-jvm
  version: 1.2.7
- name: steadybit-extension-k6
  repository: https://steadybit.github.io/extension-k6
  version: 1.2.17
- name: steadybit-extension-kafka
  repository: https://steadybit.github.io/extension-kafka
  version: 1.0.27
- name: steadybit-extension-kong
  repository: https://steadybit.github.io/extension-kong
  version: 1.7.11
- name: steadybit-extension-kubernetes
  repository: https://steadybit.github.io/extension-kubernetes
  version: 1.6.2
- name: steadybit-extension-loadtest
  repository: https://steadybit.github.io/extension-loadtest
  version: 1.0.47
- name: steadybit-extension-newrelic
  repository: https://steadybit.github.io/extension-newrelic
  version: 1.1.9
- name: steadybit-extension-postman
  repository: https://steadybit.github.io/extension-postman
  version: 1.7.18
- name: steadybit-extension-prometheus
  repository: https://steadybit.github.io/extension-prometheus
  version: 1.5.23
- name: steadybit-extension-rabbitmq
  repository: https://steadybit.github.io/extension-rabbitmq
  version: 1.0.5
- name: steadybit-extension-splunk
  repository: https://steadybit.github.io/extension-splunk
  version: 1.0.6
- name: steadybit-extension-splunk-platform
  repository: https://steadybit.github.io/extension-splunk-platform
  version: 1.0.5
- name: steadybit-extension-stackstate
  repository: https://steadybit.github.io/extension-stackstate
  version: 1.1.13
digest: sha256:3748f741386ccade72cf00c7ed51f05d97d8e70c5090324a34a4e022bc140dfc
generated: "2025-11-24T06:12:21.671433056Z"
