dependencies:
- name: steadybit-extension-appdynamics
  repository: https://steadybit.github.io/extension-appdynamics
  version: 1.2.8
- name: steadybit-extension-aws
  repository: https://steadybit.github.io/extension-aws
  version: 2.2.9
- name: steadybit-extension-azure
  repository: https://steadybit.github.io/extension-azure
  version: 1.1.23
- name: steadybit-extension-container
  repository: https://steadybit.github.io/extension-container
  version: 1.4.11
- name: steadybit-extension-datadog
  repository: https://steadybit.github.io/extension-datadog
  version: 1.5.14
- name: steadybit-extension-debug
  repository: https://steadybit.github.io/extension-debug
  version: 1.0.19
- name: steadybit-extension-dynatrace
  repository: https://steadybit.github.io/extension-dynatrace
  version: 1.1.18
- name: steadybit-extension-gatling
  repository: https://steadybit.github.io/extension-gatling
  version: 1.1.39
- name: steadybit-extension-gcp
  repository: https://steadybit.github.io/extension-gcp
  version: 1.1.23
- name: steadybit-extension-grafana
  repository: https://steadybit.github.io/extension-grafana
  version: 1.2.10
- name: steadybit-extension-host
  repository: https://steadybit.github.io/extension-host
  version: 1.2.11
- name: steadybit-extension-http
  repository: https://steadybit.github.io/extension-http
  version: 1.1.31
- name: steadybit-extension-instana
  repository: https://steadybit.github.io/extension-instana
  version: 1.1.13
- name: steadybit-extension-istio
  repository: https://steadybit.github.io/extension-istio
  version: 1.1.13
- name: steadybit-extension-jenkins
  repository: https://steadybit.github.io/extension-jenkins
  version: 1.0.6
- name: steadybit-extension-jmeter
  repository: https://steadybit.github.io/extension-jmeter
  version: 1.1.22
- name: steadybit-extension-jvm
  repository: https://steadybit.github.io/extension-jvm
  version: 1.2.9
- name: steadybit-extension-k6
  repository: https://steadybit.github.io/extension-k6
  version: 1.2.18
- name: steadybit-extension-kafka
  repository: https://steadybit.github.io/extension-kafka
  version: 1.0.28
- name: steadybit-extension-kong
  repository: https://steadybit.github.io/extension-kong
  version: 1.7.12
- name: steadybit-extension-kubernetes
  repository: https://steadybit.github.io/extension-kubernetes
  version: 1.6.3
- name: steadybit-extension-loadtest
  repository: https://steadybit.github.io/extension-loadtest
  version: 1.0.50
- name: steadybit-extension-newrelic
  repository: https://steadybit.github.io/extension-newrelic
  version: 1.1.10
- name: steadybit-extension-postman
  repository: https://steadybit.github.io/extension-postman
  version: 1.7.20
- name: steadybit-extension-prometheus
  repository: https://steadybit.github.io/extension-prometheus
  version: 1.5.24
- name: steadybit-extension-rabbitmq
  repository: https://steadybit.github.io/extension-rabbitmq
  version: 1.0.8
- name: steadybit-extension-splunk
  repository: https://steadybit.github.io/extension-splunk
  version: 1.0.7
- name: steadybit-extension-splunk-platform
  repository: https://steadybit.github.io/extension-splunk-platform
  version: 1.0.6
- name: steadybit-extension-stackstate
  repository: https://steadybit.github.io/extension-stackstate
  version: 1.1.14
digest: sha256:c61cb5729f55330416b38cf9c921daaeef3c6632a716cb82a6b12196872676a9
generated: "2025-12-12T06:12:18.06869296Z"
