dependencies:
- name: steadybit-extension-aws
  repository: https://steadybit.github.io/extension-aws
  version: 2.1.23
- name: steadybit-extension-azure
  repository: https://steadybit.github.io/extension-azure
  version: 1.1.10
- name: steadybit-extension-container
  repository: https://steadybit.github.io/extension-container
  version: 1.1.40
- name: steadybit-extension-datadog
  repository: https://steadybit.github.io/extension-datadog
  version: 1.5.9
- name: steadybit-extension-debug
  repository: https://steadybit.github.io/extension-debug
  version: 1.0.15
- name: steadybit-extension-dynatrace
  repository: https://steadybit.github.io/extension-dynatrace
  version: 1.1.7
- name: steadybit-extension-gatling
  repository: https://steadybit.github.io/extension-gatling
  version: 1.1.15
- name: steadybit-extension-gcp
  repository: https://steadybit.github.io/extension-gcp
  version: 1.1.18
- name: steadybit-extension-host
  repository: https://steadybit.github.io/extension-host
  version: 1.1.31
- name: steadybit-extension-http
  repository: https://steadybit.github.io/extension-http
  version: 1.1.18
- name: steadybit-extension-instana
  repository: https://steadybit.github.io/extension-instana
  version: 1.1.8
- name: steadybit-extension-istio
  repository: https://steadybit.github.io/extension-istio
  version: 1.1.9
- name: steadybit-extension-jmeter
  repository: https://steadybit.github.io/extension-jmeter
  version: 1.1.13
- name: steadybit-extension-jvm
  repository: https://steadybit.github.io/extension-jvm
  version: 1.1.16
- name: steadybit-extension-k6
  repository: https://steadybit.github.io/extension-k6
  version: 1.2.12
- name: steadybit-extension-kafka
  repository: https://steadybit.github.io/extension-kafka
  version: 1.0.29
- name: steadybit-extension-kong
  repository: https://steadybit.github.io/extension-kong
  version: 1.7.8
- name: steadybit-extension-kubernetes
  repository: https://steadybit.github.io/extension-kubernetes
  version: 1.5.26
- name: steadybit-extension-loadtest
  repository: https://steadybit.github.io/extension-loadtest
  version: 1.0.41
- name: steadybit-extension-newrelic
  repository: https://steadybit.github.io/extension-newrelic
  version: 1.1.6
- name: steadybit-extension-postman
  repository: https://steadybit.github.io/extension-postman
  version: 1.7.12
- name: steadybit-extension-prometheus
  repository: https://steadybit.github.io/extension-prometheus
  version: 1.5.11
- name: steadybit-extension-stackstate
  repository: https://steadybit.github.io/extension-stackstate
  version: 1.1.8
- name: steadybit-extension-grafana
  repository: https://steadybit.github.io/extension-grafana
  version: 1.2.6
digest: sha256:42c684d8a953ba52686ea1aa4c95991a2b4386a4b3945abfe61816b2180b64b9
generated: "2024-12-24T06:09:01.817203877Z"
