dependencies:
- name: steadybit-extension-kubernetes
  repository: file://../steadybit-extension-kubernetes
  version: 1.4.6
- name: steadybit-extension-kong
  repository: file://../steadybit-extension-kong
  version: 1.6.3
- name: steadybit-extension-prometheus
  repository: file://../steadybit-extension-prometheus
  version: 1.4.2
- name: steadybit-extension-postman
  repository: https://steadybit.github.io/extension-postman
  version: 1.6.4
- name: steadybit-extension-datadog
  repository: file://../steadybit-extension-datadog
  version: 1.4.2
- name: steadybit-extension-aws
  repository: file://../steadybit-extension-aws
  version: 1.9.3
- name: steadybit-extension-http
  repository: https://steadybit.github.io/extension-http
  version: 1.0.2
digest: sha256:68788a5e6fa4878882da1204186c434b585d440f7fe4901f5aba4895d92ccb32
generated: "2023-04-19T15:45:43.169901+02:00"
