dependencies:
- name: steadybit-extension-aws
  repository: https://steadybit.github.io/extension-aws
  version: 1.9.7
- name: steadybit-extension-datadog
  repository: https://steadybit.github.io/extension-datadog
  version: 1.4.8
- name: steadybit-extension-host
  repository: https://steadybit.github.io/extension-host
  version: 1.0.14
- name: steadybit-extension-http
  repository: https://steadybit.github.io/extension-http
  version: 1.0.6
- name: steadybit-extension-istio
  repository: https://steadybit.github.io/extension-istio
  version: 1.0.8
- name: steadybit-extension-k6
  repository: https://steadybit.github.io/extension-k6
  version: 1.1.6
- name: steadybit-extension-kong
  repository: https://steadybit.github.io/extension-kong
  version: 1.6.8
- name: steadybit-extension-kubernetes
  repository: https://steadybit.github.io/extension-kubernetes
  version: 1.4.11
- name: steadybit-extension-postman
  repository: https://steadybit.github.io/extension-postman
  version: 1.6.11
- name: steadybit-extension-prometheus
  repository: https://steadybit.github.io/extension-prometheus
  version: 1.4.7
- name: steadybit-extension-container
  repository: https://steadybit.github.io/extension-container
  version: 1.0.7
digest: sha256:8dccc3e5fb52f5d94cbfd033f220af1512aaf54b023355e06dfbd942636e1248
generated: "2023-05-19T14:28:04.79236+02:00"
