dependencies:
- name: steadybit-extension-aws
  repository: https://steadybit.github.io/extension-aws
  version: 1.9.7
- name: steadybit-extension-container
  repository: https://steadybit.github.io/extension-container
  version: 1.0.9
- name: steadybit-extension-datadog
  repository: https://steadybit.github.io/extension-datadog
  version: 1.4.8
- name: steadybit-extension-host
  repository: https://steadybit.github.io/extension-host
  version: 1.0.14
- name: steadybit-extension-http
  repository: https://steadybit.github.io/extension-http
  version: 1.0.6
- name: steadybit-extension-istio
  repository: https://steadybit.github.io/extension-istio
  version: 1.0.8
- name: steadybit-extension-gatling
  repository: https://steadybit.github.io/extension-gatling
  version: 1.0.1
- name: steadybit-extension-jmeter
  repository: https://steadybit.github.io/extension-jmeter
  version: 1.0.1
- name: steadybit-extension-k6
  repository: https://steadybit.github.io/extension-k6
  version: 1.1.6
- name: steadybit-extension-kong
  repository: https://steadybit.github.io/extension-kong
  version: 1.6.8
- name: steadybit-extension-kubernetes
  repository: https://steadybit.github.io/extension-kubernetes
  version: 1.4.12
- name: steadybit-extension-postman
  repository: https://steadybit.github.io/extension-postman
  version: 1.6.11
- name: steadybit-extension-prometheus
  repository: https://steadybit.github.io/extension-prometheus
  version: 1.4.7
- name: steadybit-extension-stackstate
  repository: https://steadybit.github.io/extension-stackstate
  version: 1.0.1
digest: sha256:b84dddaceb7f5ce879eb0a12ccc02b1e404bd65507bb3cf7dd22e4c0e3f60071
generated: "2023-06-15T08:44:27.61471+02:00"
